// !$*UTF8*$!
{
	archiveVersion = 1;
	classes = {
	};
	objectVersion = 50;
	objects = {

/* Begin PBXBuildFile section */
		013215912A2847C0004753E1 /* CapturePaymentRequest.swift in Sources */ = {isa = PBXBuildFile; fileRef = 0132158C2A2847C0004753E1 /* CapturePaymentRequest.swift */; };
		013215922A2847C0004753E1 /* ShippingInfo.swift in Sources */ = {isa = PBXBuildFile; fileRef = 0132158D2A2847C0004753E1 /* ShippingInfo.swift */; };
		013215932A2847C0004753E1 /* OrderReference.swift in Sources */ = {isa = PBXBuildFile; fileRef = 0132158E2A2847C0004753E1 /* OrderReference.swift */; };
		013215942A2847C0004753E1 /* CancelOrder.swift in Sources */ = {isa = PBXBuildFile; fileRef = 0132158F2A2847C0004753E1 /* CancelOrder.swift */; };
		013215952A2847C0004753E1 /* PaymentRefund.swift in Sources */ = {isa = PBXBuildFile; fileRef = 013215902A2847C0004753E1 /* PaymentRefund.swift */; };
		046879042A39A84600E28603 /* TamaraWidgetVC.swift in Sources */ = {isa = PBXBuildFile; fileRef = 046879032A39A84600E28603 /* TamaraWidgetVC.swift */; };
		04D2B13A2A39A6760010534D /* PaymentVC.swift in Sources */ = {isa = PBXBuildFile; fileRef = 013215722A28475A004753E1 /* PaymentVC.swift */; };
		04E2A3D42A43473300475536 /* ViewModel.swift in Sources */ = {isa = PBXBuildFile; fileRef = 04E2A3D32A43473300475536 /* ViewModel.swift */; };
		04E2A3D92A43473E00475536 /* TamaraApi.swift in Sources */ = {isa = PBXBuildFile; fileRef = 04E2A3D62A43473E00475536 /* TamaraApi.swift */; };
		04E2A3DA2A43473E00475536 /* AppError.swift in Sources */ = {isa = PBXBuildFile; fileRef = 04E2A3D72A43473E00475536 /* AppError.swift */; };
		04E2A3DB2A43473E00475536 /* NetworkManager.swift in Sources */ = {isa = PBXBuildFile; fileRef = 04E2A3D82A43473E00475536 /* NetworkManager.swift */; };
		04E2A3E62A43474B00475536 /* CapturePayment.swift in Sources */ = {isa = PBXBuildFile; fileRef = 04E2A3DD2A43474B00475536 /* CapturePayment.swift */; };
		04E2A3E72A43474B00475536 /* WidgetProperties.swift in Sources */ = {isa = PBXBuildFile; fileRef = 04E2A3DE2A43474B00475536 /* WidgetProperties.swift */; };
		04E2A3E82A43474B00475536 /* OrderReferenceResponse.swift in Sources */ = {isa = PBXBuildFile; fileRef = 04E2A3DF2A43474B00475536 /* OrderReferenceResponse.swift */; };
		04E2A3E92A43474B00475536 /* CheckoutSession.swift in Sources */ = {isa = PBXBuildFile; fileRef = 04E2A3E02A43474B00475536 /* CheckoutSession.swift */; };
		04E2A3EA2A43474B00475536 /* AuthoriseOrder.swift in Sources */ = {isa = PBXBuildFile; fileRef = 04E2A3E12A43474B00475536 /* AuthoriseOrder.swift */; };
		04E2A3EB2A43474B00475536 /* CancelOrderResponse.swift in Sources */ = {isa = PBXBuildFile; fileRef = 04E2A3E22A43474B00475536 /* CancelOrderResponse.swift */; };
		04E2A3EC2A43474B00475536 /* OrderDetail.swift in Sources */ = {isa = PBXBuildFile; fileRef = 04E2A3E32A43474B00475536 /* OrderDetail.swift */; };
		04E2A3ED2A43474B00475536 /* DiscountDetail.swift in Sources */ = {isa = PBXBuildFile; fileRef = 04E2A3E42A43474B00475536 /* DiscountDetail.swift */; };
		04E2A3EE2A43474B00475536 /* RefundsResponse.swift in Sources */ = {isa = PBXBuildFile; fileRef = 04E2A3E52A43474B00475536 /* RefundsResponse.swift */; };
		645368922450A03200ED9A3B /* TamaraSDK.framework in Frameworks */ = {isa = PBXBuildFile; fileRef = 645368882450A03200ED9A3B /* TamaraSDK.framework */; };
		645368972450A03200ED9A3B /* TamaraSDKTests.swift in Sources */ = {isa = PBXBuildFile; fileRef = 645368962450A03200ED9A3B /* TamaraSDKTests.swift */; };
		645368992450A03200ED9A3B /* TamaraSDK.h in Headers */ = {isa = PBXBuildFile; fileRef = 6453688B2450A03200ED9A3B /* TamaraSDK.h */; settings = {ATTRIBUTES = (Public, ); }; };
		84FC9B332543F07A0068AF31 /* TamaraSDKCheckout.swift in Sources */ = {isa = PBXBuildFile; fileRef = 84FC9B322543F07A0068AF31 /* TamaraSDKCheckout.swift */; };
		84FC9B562543FB480068AF31 /* TamaraMerchantURL.swift in Sources */ = {isa = PBXBuildFile; fileRef = 84FC9B552543FB480068AF31 /* TamaraMerchantURL.swift */; };
		84FC9B8B2544150B0068AF31 /* TamaraSDKCheckoutSwiftUI.swift in Sources */ = {isa = PBXBuildFile; fileRef = 84FC9B892544150B0068AF31 /* TamaraSDKCheckoutSwiftUI.swift */; };
		FAC2F62A2A03A27C00270FC3 /* TamaraSDKPayment.swift in Sources */ = {isa = PBXBuildFile; fileRef = FAC2F6292A03A27C00270FC3 /* TamaraSDKPayment.swift */; };
		FAC2F62D2A03A5C000270FC3 /* Order.swift in Sources */ = {isa = PBXBuildFile; fileRef = FAC2F62C2A03A5C000270FC3 /* Order.swift */; };
		FAC2F62F2A03A81D00270FC3 /* Address.swift in Sources */ = {isa = PBXBuildFile; fileRef = FAC2F62E2A03A81D00270FC3 /* Address.swift */; };
		FAC2F6312A03B0E700270FC3 /* Consumer.swift in Sources */ = {isa = PBXBuildFile; fileRef = FAC2F6302A03B0E700270FC3 /* Consumer.swift */; };
		FAC2F6332A03B40D00270FC3 /* Discount.swift in Sources */ = {isa = PBXBuildFile; fileRef = FAC2F6322A03B40D00270FC3 /* Discount.swift */; };
		FAC2F6352A03B45100270FC3 /* Amount.swift in Sources */ = {isa = PBXBuildFile; fileRef = FAC2F6342A03B45100270FC3 /* Amount.swift */; };
		FAC2F6372A03B55200270FC3 /* Item.swift in Sources */ = {isa = PBXBuildFile; fileRef = FAC2F6362A03B55200270FC3 /* Item.swift */; };
		FAC2F6392A03B7D200270FC3 /* MerchantUrl.swift in Sources */ = {isa = PBXBuildFile; fileRef = FAC2F6382A03B7D200270FC3 /* MerchantUrl.swift */; };
/* End PBXBuildFile section */

/* Begin PBXContainerItemProxy section */
		645368932450A03200ED9A3B /* PBXContainerItemProxy */ = {
			isa = PBXContainerItemProxy;
			containerPortal = 6453687F2450A03200ED9A3B /* Project object */;
			proxyType = 1;
			remoteGlobalIDString = 645368872450A03200ED9A3B;
			remoteInfo = TamaraSDK;
		};
/* End PBXContainerItemProxy section */

/* Begin PBXFileReference section */
		013215722A28475A004753E1 /* PaymentVC.swift */ = {isa = PBXFileReference; fileEncoding = 4; lastKnownFileType = sourcecode.swift; path = PaymentVC.swift; sourceTree = "<group>"; };
		0132158C2A2847C0004753E1 /* CapturePaymentRequest.swift */ = {isa = PBXFileReference; fileEncoding = 4; lastKnownFileType = sourcecode.swift; path = CapturePaymentRequest.swift; sourceTree = "<group>"; };
		0132158D2A2847C0004753E1 /* ShippingInfo.swift */ = {isa = PBXFileReference; fileEncoding = 4; lastKnownFileType = sourcecode.swift; path = ShippingInfo.swift; sourceTree = "<group>"; };
		0132158E2A2847C0004753E1 /* OrderReference.swift */ = {isa = PBXFileReference; fileEncoding = 4; lastKnownFileType = sourcecode.swift; path = OrderReference.swift; sourceTree = "<group>"; };
		0132158F2A2847C0004753E1 /* CancelOrder.swift */ = {isa = PBXFileReference; fileEncoding = 4; lastKnownFileType = sourcecode.swift; path = CancelOrder.swift; sourceTree = "<group>"; };
		013215902A2847C0004753E1 /* PaymentRefund.swift */ = {isa = PBXFileReference; fileEncoding = 4; lastKnownFileType = sourcecode.swift; path = PaymentRefund.swift; sourceTree = "<group>"; };
		046879032A39A84600E28603 /* TamaraWidgetVC.swift */ = {isa = PBXFileReference; fileEncoding = 4; lastKnownFileType = sourcecode.swift; path = TamaraWidgetVC.swift; sourceTree = "<group>"; };
		04E2A3D32A43473300475536 /* ViewModel.swift */ = {isa = PBXFileReference; fileEncoding = 4; lastKnownFileType = sourcecode.swift; path = ViewModel.swift; sourceTree = "<group>"; };
		04E2A3D62A43473E00475536 /* TamaraApi.swift */ = {isa = PBXFileReference; fileEncoding = 4; lastKnownFileType = sourcecode.swift; path = TamaraApi.swift; sourceTree = "<group>"; };
		04E2A3D72A43473E00475536 /* AppError.swift */ = {isa = PBXFileReference; fileEncoding = 4; lastKnownFileType = sourcecode.swift; path = AppError.swift; sourceTree = "<group>"; };
		04E2A3D82A43473E00475536 /* NetworkManager.swift */ = {isa = PBXFileReference; fileEncoding = 4; lastKnownFileType = sourcecode.swift; path = NetworkManager.swift; sourceTree = "<group>"; };
		04E2A3DD2A43474B00475536 /* CapturePayment.swift */ = {isa = PBXFileReference; fileEncoding = 4; lastKnownFileType = sourcecode.swift; path = CapturePayment.swift; sourceTree = "<group>"; };
		04E2A3DE2A43474B00475536 /* WidgetProperties.swift */ = {isa = PBXFileReference; fileEncoding = 4; lastKnownFileType = sourcecode.swift; path = WidgetProperties.swift; sourceTree = "<group>"; };
		04E2A3DF2A43474B00475536 /* OrderReferenceResponse.swift */ = {isa = PBXFileReference; fileEncoding = 4; lastKnownFileType = sourcecode.swift; path = OrderReferenceResponse.swift; sourceTree = "<group>"; };
		04E2A3E02A43474B00475536 /* CheckoutSession.swift */ = {isa = PBXFileReference; fileEncoding = 4; lastKnownFileType = sourcecode.swift; path = CheckoutSession.swift; sourceTree = "<group>"; };
		04E2A3E12A43474B00475536 /* AuthoriseOrder.swift */ = {isa = PBXFileReference; fileEncoding = 4; lastKnownFileType = sourcecode.swift; path = AuthoriseOrder.swift; sourceTree = "<group>"; };
		04E2A3E22A43474B00475536 /* CancelOrderResponse.swift */ = {isa = PBXFileReference; fileEncoding = 4; lastKnownFileType = sourcecode.swift; path = CancelOrderResponse.swift; sourceTree = "<group>"; };
		04E2A3E32A43474B00475536 /* OrderDetail.swift */ = {isa = PBXFileReference; fileEncoding = 4; lastKnownFileType = sourcecode.swift; path = OrderDetail.swift; sourceTree = "<group>"; };
		04E2A3E42A43474B00475536 /* DiscountDetail.swift */ = {isa = PBXFileReference; fileEncoding = 4; lastKnownFileType = sourcecode.swift; path = DiscountDetail.swift; sourceTree = "<group>"; };
		04E2A3E52A43474B00475536 /* RefundsResponse.swift */ = {isa = PBXFileReference; fileEncoding = 4; lastKnownFileType = sourcecode.swift; path = RefundsResponse.swift; sourceTree = "<group>"; };
		645368882450A03200ED9A3B /* TamaraSDK.framework */ = {isa = PBXFileReference; explicitFileType = wrapper.framework; includeInIndex = 0; path = TamaraSDK.framework; sourceTree = BUILT_PRODUCTS_DIR; };
		6453688B2450A03200ED9A3B /* TamaraSDK.h */ = {isa = PBXFileReference; lastKnownFileType = sourcecode.c.h; path = TamaraSDK.h; sourceTree = "<group>"; };
		6453688C2450A03200ED9A3B /* Info.plist */ = {isa = PBXFileReference; lastKnownFileType = text.plist.xml; path = Info.plist; sourceTree = "<group>"; };
		645368912450A03200ED9A3B /* TamaraSDKTests.xctest */ = {isa = PBXFileReference; explicitFileType = wrapper.cfbundle; includeInIndex = 0; path = TamaraSDKTests.xctest; sourceTree = BUILT_PRODUCTS_DIR; };
		645368962450A03200ED9A3B /* TamaraSDKTests.swift */ = {isa = PBXFileReference; lastKnownFileType = sourcecode.swift; path = TamaraSDKTests.swift; sourceTree = "<group>"; };
		645368982450A03200ED9A3B /* Info.plist */ = {isa = PBXFileReference; lastKnownFileType = text.plist.xml; path = Info.plist; sourceTree = "<group>"; };
		84FC9B322543F07A0068AF31 /* TamaraSDKCheckout.swift */ = {isa = PBXFileReference; lastKnownFileType = sourcecode.swift; path = TamaraSDKCheckout.swift; sourceTree = "<group>"; };
		84FC9B552543FB480068AF31 /* TamaraMerchantURL.swift */ = {isa = PBXFileReference; lastKnownFileType = sourcecode.swift; path = TamaraMerchantURL.swift; sourceTree = "<group>"; };
		84FC9B892544150B0068AF31 /* TamaraSDKCheckoutSwiftUI.swift */ = {isa = PBXFileReference; fileEncoding = 4; lastKnownFileType = sourcecode.swift; path = TamaraSDKCheckoutSwiftUI.swift; sourceTree = "<group>"; };
		FAC2F6292A03A27C00270FC3 /* TamaraSDKPayment.swift */ = {isa = PBXFileReference; lastKnownFileType = sourcecode.swift; path = TamaraSDKPayment.swift; sourceTree = "<group>"; };
		FAC2F62C2A03A5C000270FC3 /* Order.swift */ = {isa = PBXFileReference; lastKnownFileType = sourcecode.swift; path = Order.swift; sourceTree = "<group>"; };
		FAC2F62E2A03A81D00270FC3 /* Address.swift */ = {isa = PBXFileReference; lastKnownFileType = sourcecode.swift; path = Address.swift; sourceTree = "<group>"; };
		FAC2F6302A03B0E700270FC3 /* Consumer.swift */ = {isa = PBXFileReference; lastKnownFileType = sourcecode.swift; path = Consumer.swift; sourceTree = "<group>"; };
		FAC2F6322A03B40D00270FC3 /* Discount.swift */ = {isa = PBXFileReference; lastKnownFileType = sourcecode.swift; path = Discount.swift; sourceTree = "<group>"; };
		FAC2F6342A03B45100270FC3 /* Amount.swift */ = {isa = PBXFileReference; lastKnownFileType = sourcecode.swift; path = Amount.swift; sourceTree = "<group>"; };
		FAC2F6362A03B55200270FC3 /* Item.swift */ = {isa = PBXFileReference; lastKnownFileType = sourcecode.swift; path = Item.swift; sourceTree = "<group>"; };
		FAC2F6382A03B7D200270FC3 /* MerchantUrl.swift */ = {isa = PBXFileReference; lastKnownFileType = sourcecode.swift; path = MerchantUrl.swift; sourceTree = "<group>"; };
/* End PBXFileReference section */

/* Begin PBXFrameworksBuildPhase section */
		645368852450A03200ED9A3B /* Frameworks */ = {
			isa = PBXFrameworksBuildPhase;
			buildActionMask = 2147483647;
			files = (
			);
			runOnlyForDeploymentPostprocessing = 0;
		};
		6453688E2450A03200ED9A3B /* Frameworks */ = {
			isa = PBXFrameworksBuildPhase;
			buildActionMask = 2147483647;
			files = (
				645368922450A03200ED9A3B /* TamaraSDK.framework in Frameworks */,
			);
			runOnlyForDeploymentPostprocessing = 0;
		};
/* End PBXFrameworksBuildPhase section */

/* Begin PBXGroup section */
		013215712A28475A004753E1 /* controller */ = {
			isa = PBXGroup;
			children = (
				046879032A39A84600E28603 /* TamaraWidgetVC.swift */,
				013215722A28475A004753E1 /* PaymentVC.swift */,
			);
			path = controller;
			sourceTree = "<group>";
		};
		0132158B2A2847C0004753E1 /* request */ = {
			isa = PBXGroup;
			children = (
				0132158C2A2847C0004753E1 /* CapturePaymentRequest.swift */,
				0132158D2A2847C0004753E1 /* ShippingInfo.swift */,
				0132158E2A2847C0004753E1 /* OrderReference.swift */,
				0132158F2A2847C0004753E1 /* CancelOrder.swift */,
				013215902A2847C0004753E1 /* PaymentRefund.swift */,
			);
			path = request;
			sourceTree = "<group>";
		};
		04E2A3D22A43473300475536 /* scenes */ = {
			isa = PBXGroup;
			children = (
				04E2A3D32A43473300475536 /* ViewModel.swift */,
			);
			path = scenes;
			sourceTree = "<group>";
		};
		04E2A3D52A43473E00475536 /* api */ = {
			isa = PBXGroup;
			children = (
				04E2A3D62A43473E00475536 /* TamaraApi.swift */,
				04E2A3D72A43473E00475536 /* AppError.swift */,
				04E2A3D82A43473E00475536 /* NetworkManager.swift */,
			);
			path = api;
			sourceTree = "<group>";
		};
		04E2A3DC2A43474B00475536 /* response */ = {
			isa = PBXGroup;
			children = (
				04E2A3DD2A43474B00475536 /* CapturePayment.swift */,
				04E2A3DE2A43474B00475536 /* WidgetProperties.swift */,
				04E2A3DF2A43474B00475536 /* OrderReferenceResponse.swift */,
				04E2A3E02A43474B00475536 /* CheckoutSession.swift */,
				04E2A3E12A43474B00475536 /* AuthoriseOrder.swift */,
				04E2A3E22A43474B00475536 /* CancelOrderResponse.swift */,
				04E2A3E32A43474B00475536 /* OrderDetail.swift */,
				04E2A3E42A43474B00475536 /* DiscountDetail.swift */,
				04E2A3E52A43474B00475536 /* RefundsResponse.swift */,
			);
			path = response;
			sourceTree = "<group>";
		};
		6453687E2450A03200ED9A3B = {
			isa = PBXGroup;
			children = (
				6453688A2450A03200ED9A3B /* TamaraSDK */,
				645368952450A03200ED9A3B /* TamaraSDKTests */,
				645368892450A03200ED9A3B /* Products */,
			);
			sourceTree = "<group>";
		};
		645368892450A03200ED9A3B /* Products */ = {
			isa = PBXGroup;
			children = (
				645368882450A03200ED9A3B /* TamaraSDK.framework */,
				645368912450A03200ED9A3B /* TamaraSDKTests.xctest */,
			);
			name = Products;
			sourceTree = "<group>";
		};
		6453688A2450A03200ED9A3B /* TamaraSDK */ = {
			isa = PBXGroup;
			children = (
				04E2A3D52A43473E00475536 /* api */,
				04E2A3D22A43473300475536 /* scenes */,
				013215712A28475A004753E1 /* controller */,
				FAC2F62B2A03A54800270FC3 /* model */,
				FAC2F6292A03A27C00270FC3 /* TamaraSDKPayment.swift */,
				84FC9B892544150B0068AF31 /* TamaraSDKCheckoutSwiftUI.swift */,
				6453688B2450A03200ED9A3B /* TamaraSDK.h */,
				84FC9B322543F07A0068AF31 /* TamaraSDKCheckout.swift */,
				84FC9B552543FB480068AF31 /* TamaraMerchantURL.swift */,
				6453688C2450A03200ED9A3B /* Info.plist */,
			);
			path = TamaraSDK;
			sourceTree = "<group>";
		};
		645368952450A03200ED9A3B /* TamaraSDKTests */ = {
			isa = PBXGroup;
			children = (
				645368962450A03200ED9A3B /* TamaraSDKTests.swift */,
				645368982450A03200ED9A3B /* Info.plist */,
			);
			path = TamaraSDKTests;
			sourceTree = "<group>";
		};
		FAC2F62B2A03A54800270FC3 /* model */ = {
			isa = PBXGroup;
			children = (
				04E2A3DC2A43474B00475536 /* response */,
				0132158B2A2847C0004753E1 /* request */,
				FAC2F62C2A03A5C000270FC3 /* Order.swift */,
				FAC2F62E2A03A81D00270FC3 /* Address.swift */,
				FAC2F6302A03B0E700270FC3 /* Consumer.swift */,
				FAC2F6322A03B40D00270FC3 /* Discount.swift */,
				FAC2F6342A03B45100270FC3 /* Amount.swift */,
				FAC2F6362A03B55200270FC3 /* Item.swift */,
				FAC2F6382A03B7D200270FC3 /* MerchantUrl.swift */,
			);
			path = model;
			sourceTree = "<group>";
		};
/* End PBXGroup section */

/* Begin PBXHeadersBuildPhase section */
		645368832450A03200ED9A3B /* Headers */ = {
			isa = PBXHeadersBuildPhase;
			buildActionMask = 2147483647;
			files = (
				645368992450A03200ED9A3B /* TamaraSDK.h in Headers */,
			);
			runOnlyForDeploymentPostprocessing = 0;
		};
/* End PBXHeadersBuildPhase section */

/* Begin PBXNativeTarget section */
		645368872450A03200ED9A3B /* TamaraSDK */ = {
			isa = PBXNativeTarget;
			buildConfigurationList = 6453689C2450A03200ED9A3B /* Build configuration list for PBXNativeTarget "TamaraSDK" */;
			buildPhases = (
				645368832450A03200ED9A3B /* Headers */,
				645368842450A03200ED9A3B /* Sources */,
				645368852450A03200ED9A3B /* Frameworks */,
				645368862450A03200ED9A3B /* Resources */,
			);
			buildRules = (
			);
			dependencies = (
			);
			name = TamaraSDK;
			productName = TamaraSDK;
			productReference = 645368882450A03200ED9A3B /* TamaraSDK.framework */;
			productType = "com.apple.product-type.framework";
		};
		645368902450A03200ED9A3B /* TamaraSDKTests */ = {
			isa = PBXNativeTarget;
			buildConfigurationList = 6453689F2450A03200ED9A3B /* Build configuration list for PBXNativeTarget "TamaraSDKTests" */;
			buildPhases = (
				6453688D2450A03200ED9A3B /* Sources */,
				6453688E2450A03200ED9A3B /* Frameworks */,
				6453688F2450A03200ED9A3B /* Resources */,
			);
			buildRules = (
			);
			dependencies = (
				645368942450A03200ED9A3B /* PBXTargetDependency */,
			);
			name = TamaraSDKTests;
			productName = TamaraSDKTests;
			productReference = 645368912450A03200ED9A3B /* TamaraSDKTests.xctest */;
			productType = "com.apple.product-type.bundle.unit-test";
		};
/* End PBXNativeTarget section */

/* Begin PBXProject section */
		6453687F2450A03200ED9A3B /* Project object */ = {
			isa = PBXProject;
			attributes = {
				LastSwiftUpdateCheck = 1140;
				LastUpgradeCheck = 1200;
				ORGANIZATIONNAME = Tamara;
				TargetAttributes = {
					645368872450A03200ED9A3B = {
						CreatedOnToolsVersion = 11.4.1;
						LastSwiftMigration = 1140;
					};
					645368902450A03200ED9A3B = {
						CreatedOnToolsVersion = 11.4.1;
					};
				};
			};
			buildConfigurationList = 645368822450A03200ED9A3B /* Build configuration list for PBXProject "TamaraSDK" */;
			compatibilityVersion = "Xcode 9.3";
			developmentRegion = en;
			hasScannedForEncodings = 0;
			knownRegions = (
				en,
				Base,
			);
			mainGroup = 6453687E2450A03200ED9A3B;
			productRefGroup = 645368892450A03200ED9A3B /* Products */;
			projectDirPath = "";
			projectRoot = "";
			targets = (
				645368872450A03200ED9A3B /* TamaraSDK */,
				645368902450A03200ED9A3B /* TamaraSDKTests */,
			);
		};
/* End PBXProject section */

/* Begin PBXResourcesBuildPhase section */
		645368862450A03200ED9A3B /* Resources */ = {
			isa = PBXResourcesBuildPhase;
			buildActionMask = 2147483647;
			files = (
			);
			runOnlyForDeploymentPostprocessing = 0;
		};
		6453688F2450A03200ED9A3B /* Resources */ = {
			isa = PBXResourcesBuildPhase;
			buildActionMask = 2147483647;
			files = (
			);
			runOnlyForDeploymentPostprocessing = 0;
		};
/* End PBXResourcesBuildPhase section */

/* Begin PBXSourcesBuildPhase section */
		645368842450A03200ED9A3B /* Sources */ = {
			isa = PBXSourcesBuildPhase;
			buildActionMask = 2147483647;
			files = (
				013215942A2847C0004753E1 /* CancelOrder.swift in Sources */,
				04E2A3EB2A43474B00475536 /* CancelOrderResponse.swift in Sources */,
				04D2B13A2A39A6760010534D /* PaymentVC.swift in Sources */,
				FAC2F6372A03B55200270FC3 /* Item.swift in Sources */,
				FAC2F62F2A03A81D00270FC3 /* Address.swift in Sources */,
				04E2A3DB2A43473E00475536 /* NetworkManager.swift in Sources */,
				84FC9B8B2544150B0068AF31 /* TamaraSDKCheckoutSwiftUI.swift in Sources */,
				FAC2F6392A03B7D200270FC3 /* MerchantUrl.swift in Sources */,
				04E2A3E62A43474B00475536 /* CapturePayment.swift in Sources */,
				013215922A2847C0004753E1 /* ShippingInfo.swift in Sources */,
				04E2A3EE2A43474B00475536 /* RefundsResponse.swift in Sources */,
				04E2A3E82A43474B00475536 /* OrderReferenceResponse.swift in Sources */,
				FAC2F6352A03B45100270FC3 /* Amount.swift in Sources */,
				FAC2F6332A03B40D00270FC3 /* Discount.swift in Sources */,
				84FC9B332543F07A0068AF31 /* TamaraSDKCheckout.swift in Sources */,
				FAC2F6312A03B0E700270FC3 /* Consumer.swift in Sources */,
				04E2A3D42A43473300475536 /* ViewModel.swift in Sources */,
				04E2A3EA2A43474B00475536 /* AuthoriseOrder.swift in Sources */,
				046879042A39A84600E28603 /* TamaraWidgetVC.swift in Sources */,
				04E2A3E92A43474B00475536 /* CheckoutSession.swift in Sources */,
				04E2A3EC2A43474B00475536 /* OrderDetail.swift in Sources */,
				013215952A2847C0004753E1 /* PaymentRefund.swift in Sources */,
				04E2A3ED2A43474B00475536 /* DiscountDetail.swift in Sources */,
				FAC2F62D2A03A5C000270FC3 /* Order.swift in Sources */,
				FAC2F62A2A03A27C00270FC3 /* TamaraSDKPayment.swift in Sources */,
				04E2A3E72A43474B00475536 /* WidgetProperties.swift in Sources */,
				013215932A2847C0004753E1 /* OrderReference.swift in Sources */,
				013215912A2847C0004753E1 /* CapturePaymentRequest.swift in Sources */,
				04E2A3D92A43473E00475536 /* TamaraApi.swift in Sources */,
				84FC9B562543FB480068AF31 /* TamaraMerchantURL.swift in Sources */,
				04E2A3DA2A43473E00475536 /* AppError.swift in Sources */,
			);
			runOnlyForDeploymentPostprocessing = 0;
		};
		6453688D2450A03200ED9A3B /* Sources */ = {
			isa = PBXSourcesBuildPhase;
			buildActionMask = 2147483647;
			files = (
				645368972450A03200ED9A3B /* TamaraSDKTests.swift in Sources */,
			);
			runOnlyForDeploymentPostprocessing = 0;
		};
/* End PBXSourcesBuildPhase section */

/* Begin PBXTargetDependency section */
		645368942450A03200ED9A3B /* PBXTargetDependency */ = {
			isa = PBXTargetDependency;
			target = 645368872450A03200ED9A3B /* TamaraSDK */;
			targetProxy = 645368932450A03200ED9A3B /* PBXContainerItemProxy */;
		};
/* End PBXTargetDependency section */

/* Begin XCBuildConfiguration section */
		6453689A2450A03200ED9A3B /* Debug */ = {
			isa = XCBuildConfiguration;
			buildSettings = {
				ALWAYS_SEARCH_USER_PATHS = NO;
				CLANG_ANALYZER_NONNULL = YES;
				CLANG_ANALYZER_NUMBER_OBJECT_CONVERSION = YES_AGGRESSIVE;
				CLANG_CXX_LANGUAGE_STANDARD = "gnu++14";
				CLANG_CXX_LIBRARY = "libc++";
				CLANG_ENABLE_MODULES = YES;
				CLANG_ENABLE_OBJC_ARC = YES;
				CLANG_ENABLE_OBJC_WEAK = YES;
				CLANG_WARN_BLOCK_CAPTURE_AUTORELEASING = YES;
				CLANG_WARN_BOOL_CONVERSION = YES;
				CLANG_WARN_COMMA = YES;
				CLANG_WARN_CONSTANT_CONVERSION = YES;
				CLANG_WARN_DEPRECATED_OBJC_IMPLEMENTATIONS = YES;
				CLANG_WARN_DIRECT_OBJC_ISA_USAGE = YES_ERROR;
				CLANG_WARN_DOCUMENTATION_COMMENTS = YES;
				CLANG_WARN_EMPTY_BODY = YES;
				CLANG_WARN_ENUM_CONVERSION = YES;
				CLANG_WARN_INFINITE_RECURSION = YES;
				CLANG_WARN_INT_CONVERSION = YES;
				CLANG_WARN_NON_LITERAL_NULL_CONVERSION = YES;
				CLANG_WARN_OBJC_IMPLICIT_RETAIN_SELF = YES;
				CLANG_WARN_OBJC_LITERAL_CONVERSION = YES;
				CLANG_WARN_OBJC_ROOT_CLASS = YES_ERROR;
				CLANG_WARN_QUOTED_INCLUDE_IN_FRAMEWORK_HEADER = YES;
				CLANG_WARN_RANGE_LOOP_ANALYSIS = YES;
				CLANG_WARN_STRICT_PROTOTYPES = YES;
				CLANG_WARN_SUSPICIOUS_MOVE = YES;
				CLANG_WARN_UNGUARDED_AVAILABILITY = YES_AGGRESSIVE;
				CLANG_WARN_UNREACHABLE_CODE = YES;
				CLANG_WARN__DUPLICATE_METHOD_MATCH = YES;
				COPY_PHASE_STRIP = NO;
				CURRENT_PROJECT_VERSION = 1;
				DEBUG_INFORMATION_FORMAT = dwarf;
				ENABLE_STRICT_OBJC_MSGSEND = YES;
				ENABLE_TESTABILITY = YES;
				GCC_C_LANGUAGE_STANDARD = gnu11;
				GCC_DYNAMIC_NO_PIC = NO;
				GCC_NO_COMMON_BLOCKS = YES;
				GCC_OPTIMIZATION_LEVEL = 0;
				GCC_PREPROCESSOR_DEFINITIONS = (
					"DEBUG=1",
					"$(inherited)",
				);
				GCC_WARN_64_TO_32_BIT_CONVERSION = YES;
				GCC_WARN_ABOUT_RETURN_TYPE = YES_ERROR;
				GCC_WARN_UNDECLARED_SELECTOR = YES;
				GCC_WARN_UNINITIALIZED_AUTOS = YES_AGGRESSIVE;
				GCC_WARN_UNUSED_FUNCTION = YES;
				GCC_WARN_UNUSED_VARIABLE = YES;
				IPHONEOS_DEPLOYMENT_TARGET = 12.0;
				MTL_ENABLE_DEBUG_INFO = INCLUDE_SOURCE;
				MTL_FAST_MATH = YES;
				ONLY_ACTIVE_ARCH = YES;
				SDKROOT = iphoneos;
				SWIFT_ACTIVE_COMPILATION_CONDITIONS = DEBUG;
				SWIFT_OPTIMIZATION_LEVEL = "-Onone";
				VERSIONING_SYSTEM = "apple-generic";
				VERSION_INFO_PREFIX = "";
			};
			name = Debug;
		};
		6453689B2450A03200ED9A3B /* Release */ = {
			isa = XCBuildConfiguration;
			buildSettings = {
				ALWAYS_SEARCH_USER_PATHS = NO;
				CLANG_ANALYZER_NONNULL = YES;
				CLANG_ANALYZER_NUMBER_OBJECT_CONVERSION = YES_AGGRESSIVE;
				CLANG_CXX_LANGUAGE_STANDARD = "gnu++14";
				CLANG_CXX_LIBRARY = "libc++";
				CLANG_ENABLE_MODULES = YES;
				CLANG_ENABLE_OBJC_ARC = YES;
				CLANG_ENABLE_OBJC_WEAK = YES;
				CLANG_WARN_BLOCK_CAPTURE_AUTORELEASING = YES;
				CLANG_WARN_BOOL_CONVERSION = YES;
				CLANG_WARN_COMMA = YES;
				CLANG_WARN_CONSTANT_CONVERSION = YES;
				CLANG_WARN_DEPRECATED_OBJC_IMPLEMENTATIONS = YES;
				CLANG_WARN_DIRECT_OBJC_ISA_USAGE = YES_ERROR;
				CLANG_WARN_DOCUMENTATION_COMMENTS = YES;
				CLANG_WARN_EMPTY_BODY = YES;
				CLANG_WARN_ENUM_CONVERSION = YES;
				CLANG_WARN_INFINITE_RECURSION = YES;
				CLANG_WARN_INT_CONVERSION = YES;
				CLANG_WARN_NON_LITERAL_NULL_CONVERSION = YES;
				CLANG_WARN_OBJC_IMPLICIT_RETAIN_SELF = YES;
				CLANG_WARN_OBJC_LITERAL_CONVERSION = YES;
				CLANG_WARN_OBJC_ROOT_CLASS = YES_ERROR;
				CLANG_WARN_QUOTED_INCLUDE_IN_FRAMEWORK_HEADER = YES;
				CLANG_WARN_RANGE_LOOP_ANALYSIS = YES;
				CLANG_WARN_STRICT_PROTOTYPES = YES;
				CLANG_WARN_SUSPICIOUS_MOVE = YES;
				CLANG_WARN_UNGUARDED_AVAILABILITY = YES_AGGRESSIVE;
				CLANG_WARN_UNREACHABLE_CODE = YES;
				CLANG_WARN__DUPLICATE_METHOD_MATCH = YES;
				COPY_PHASE_STRIP = NO;
				CURRENT_PROJECT_VERSION = 1;
				DEBUG_INFORMATION_FORMAT = "dwarf-with-dsym";
				ENABLE_NS_ASSERTIONS = NO;
				ENABLE_STRICT_OBJC_MSGSEND = YES;
				GCC_C_LANGUAGE_STANDARD = gnu11;
				GCC_NO_COMMON_BLOCKS = YES;
				GCC_WARN_64_TO_32_BIT_CONVERSION = YES;
				GCC_WARN_ABOUT_RETURN_TYPE = YES_ERROR;
				GCC_WARN_UNDECLARED_SELECTOR = YES;
				GCC_WARN_UNINITIALIZED_AUTOS = YES_AGGRESSIVE;
				GCC_WARN_UNUSED_FUNCTION = YES;
				GCC_WARN_UNUSED_VARIABLE = YES;
				IPHONEOS_DEPLOYMENT_TARGET = 12.0;
				MTL_ENABLE_DEBUG_INFO = NO;
				MTL_FAST_MATH = YES;
				SDKROOT = iphoneos;
				SWIFT_COMPILATION_MODE = wholemodule;
				SWIFT_OPTIMIZATION_LEVEL = "-O";
				VALIDATE_PRODUCT = YES;
				VERSIONING_SYSTEM = "apple-generic";
				VERSION_INFO_PREFIX = "";
			};
			name = Release;
		};
		6453689D2450A03200ED9A3B /* Debug */ = {
			isa = XCBuildConfiguration;
			buildSettings = {
				CLANG_ENABLE_MODULES = YES;
				CODE_SIGN_IDENTITY = "Apple Development";
				CODE_SIGN_STYLE = Automatic;
				DEFINES_MODULE = YES;
				DEVELOPMENT_TEAM = DRM22J5FX9;
				DYLIB_COMPATIBILITY_VERSION = 1;
				DYLIB_CURRENT_VERSION = 1;
				DYLIB_INSTALL_NAME_BASE = "@rpath";
				INFOPLIST_FILE = TamaraSDK/Info.plist;
				INSTALL_PATH = "$(LOCAL_LIBRARY_DIR)/Frameworks";
				LD_RUNPATH_SEARCH_PATHS = (
					"$(inherited)",
					"@executable_path/Frameworks",
					"@loader_path/Frameworks",
				);
				PRODUCT_BUNDLE_IDENTIFIER = co.tamara.TamaraSDK;
				PRODUCT_NAME = "$(TARGET_NAME:c99extidentifier)";
				PROVISIONING_PROFILE_SPECIFIER = "";
				SKIP_INSTALL = YES;
				SWIFT_OPTIMIZATION_LEVEL = "-Onone";
				SWIFT_VERSION = 5.0;
				TARGETED_DEVICE_FAMILY = "1,2";
			};
			name = Debug;
		};
		6453689E2450A03200ED9A3B /* Release */ = {
			isa = XCBuildConfiguration;
			buildSettings = {
				CLANG_ENABLE_MODULES = YES;
				CODE_SIGN_IDENTITY = "Apple Development";
				CODE_SIGN_STYLE = Automatic;
				DEFINES_MODULE = YES;
				DEVELOPMENT_TEAM = DRM22J5FX9;
				DYLIB_COMPATIBILITY_VERSION = 1;
				DYLIB_CURRENT_VERSION = 1;
				DYLIB_INSTALL_NAME_BASE = "@rpath";
				INFOPLIST_FILE = TamaraSDK/Info.plist;
				INSTALL_PATH = "$(LOCAL_LIBRARY_DIR)/Frameworks";
				LD_RUNPATH_SEARCH_PATHS = (
					"$(inherited)",
					"@executable_path/Frameworks",
					"@loader_path/Frameworks",
				);
				PRODUCT_BUNDLE_IDENTIFIER = co.tamara.TamaraSDK;
				PRODUCT_NAME = "$(TARGET_NAME:c99extidentifier)";
				PROVISIONING_PROFILE_SPECIFIER = "";
				SKIP_INSTALL = YES;
				SWIFT_VERSION = 5.0;
				TARGETED_DEVICE_FAMILY = "1,2";
			};
			name = Release;
		};
		645368A02450A03200ED9A3B /* Debug */ = {
			isa = XCBuildConfiguration;
			buildSettings = {
				ALWAYS_EMBED_SWIFT_STANDARD_LIBRARIES = YES;
				CODE_SIGN_STYLE = Automatic;
				DEVELOPMENT_TEAM = UME38WJ3HH;
				INFOPLIST_FILE = TamaraSDKTests/Info.plist;
				LD_RUNPATH_SEARCH_PATHS = (
					"$(inherited)",
					"@executable_path/Frameworks",
					"@loader_path/Frameworks",
				);
				PRODUCT_BUNDLE_IDENTIFIER = co.tamara.TamaraSDKTests;
				PRODUCT_NAME = "$(TARGET_NAME)";
				SWIFT_VERSION = 5.0;
				TARGETED_DEVICE_FAMILY = "1,2";
			};
			name = Debug;
		};
		645368A12450A03200ED9A3B /* Release */ = {
			isa = XCBuildConfiguration;
			buildSettings = {
				ALWAYS_EMBED_SWIFT_STANDARD_LIBRARIES = YES;
				CODE_SIGN_STYLE = Automatic;
				DEVELOPMENT_TEAM = UME38WJ3HH;
				INFOPLIST_FILE = TamaraSDKTests/Info.plist;
				LD_RUNPATH_SEARCH_PATHS = (
					"$(inherited)",
					"@executable_path/Frameworks",
					"@loader_path/Frameworks",
				);
				PRODUCT_BUNDLE_IDENTIFIER = co.tamara.TamaraSDKTests;
				PRODUCT_NAME = "$(TARGET_NAME)";
				SWIFT_VERSION = 5.0;
				TARGETED_DEVICE_FAMILY = "1,2";
			};
			name = Release;
		};
/* End XCBuildConfiguration section */

/* Begin XCConfigurationList section */
		645368822450A03200ED9A3B /* Build configuration list for PBXProject "TamaraSDK" */ = {
			isa = XCConfigurationList;
			buildConfigurations = (
				6453689A2450A03200ED9A3B /* Debug */,
				6453689B2450A03200ED9A3B /* Release */,
			);
			defaultConfigurationIsVisible = 0;
			defaultConfigurationName = Release;
		};
		6453689C2450A03200ED9A3B /* Build configuration list for PBXNativeTarget "TamaraSDK" */ = {
			isa = XCConfigurationList;
			buildConfigurations = (
				6453689D2450A03200ED9A3B /* Debug */,
				6453689E2450A03200ED9A3B /* Release */,
			);
			defaultConfigurationIsVisible = 0;
			defaultConfigurationName = Release;
		};
		6453689F2450A03200ED9A3B /* Build configuration list for PBXNativeTarget "TamaraSDKTests" */ = {
			isa = XCConfigurationList;
			buildConfigurations = (
				645368A02450A03200ED9A3B /* Debug */,
				645368A12450A03200ED9A3B /* Release */,
			);
			defaultConfigurationIsVisible = 0;
			defaultConfigurationName = Release;
		};
/* End XCConfigurationList section */
	};
	rootObject = 6453687F2450A03200ED9A3B /* Project object */;
}
